// !$*UTF8*$!
{
	archiveVersion = 1;
	classes = {
	};
	objectVersion = 56;
	objects = {

/* Begin PBXBuildFile section */
		50259C812C1797A000160F48 /* loginVM.swift in Sources */ = {isa = PBXBuildFile; fileRef = 50259C802C1797A000160F48 /* loginVM.swift */; };
		50B1A8BE2C110B85002C360B /* SwiftUIDemoAppApp.swift in Sources */ = {isa = PBXBuildFile; fileRef = 50B1A8BD2C110B85002C360B /* SwiftUIDemoAppApp.swift */; };
		50B1A8C02C110B85002C360B /* ContentView.swift in Sources */ = {isa = PBXBuildFile; fileRef = 50B1A8BF2C110B85002C360B /* ContentView.swift */; };
		50B1A8C22C110B87002C360B /* Assets.xcassets in Resources */ = {isa = PBXBuildFile; fileRef = 50B1A8C12C110B87002C360B /* Assets.xcassets */; };
		50B1A8C52C110B87002C360B /* Preview Assets.xcassets in Resources */ = {isa = PBXBuildFile; fileRef = 50B1A8C42C110B87002C360B /* Preview Assets.xcassets */; };
		50B1A8CC2C110BE7002C360B /* LoginPage.swift in Sources */ = {isa = PBXBuildFile; fileRef = 50B1A8CB2C110BE7002C360B /* LoginPage.swift */; };
		50C889842C187A0500B10EF7 /* LandingView.swift in Sources */ = {isa = PBXBuildFile; fileRef = 50C889832C187A0500B10EF7 /* LandingView.swift */; };
		50C889862C18E0B000B10EF7 /* ListingVC.swift in Sources */ = {isa = PBXBuildFile; fileRef = 50C889852C18E0B000B10EF7 /* ListingVC.swift */; };
		50DA156F2C1A2BA9009752B1 /* CartoonListingVM.swift in Sources */ = {isa = PBXBuildFile; fileRef = 50DA156E2C1A2BA9009752B1 /* CartoonListingVM.swift */; };
		50DA15712C1A2E5F009752B1 /* URLClass.swift in Sources */ = {isa = PBXBuildFile; fileRef = 50DA15702C1A2E5F009752B1 /* URLClass.swift */; };
/* End PBXBuildFile section */

/* Begin PBXFileReference section */
		50259C802C1797A000160F48 /* loginVM.swift */ = {isa = PBXFileReference; lastKnownFileType = sourcecode.swift; path = loginVM.swift; sourceTree = "<group>"; };
		50B1A8BA2C110B85002C360B /* SwiftUIDemoApp.app */ = {isa = PBXFileReference; explicitFileType = wrapper.application; includeInIndex = 0; path = SwiftUIDemoApp.app; sourceTree = BUILT_PRODUCTS_DIR; };
		50B1A8BD2C110B85002C360B /* SwiftUIDemoAppApp.swift */ = {isa = PBXFileReference; lastKnownFileType = sourcecode.swift; path = SwiftUIDemoAppApp.swift; sourceTree = "<group>"; };
		50B1A8BF2C110B85002C360B /* ContentView.swift */ = {isa = PBXFileReference; lastKnownFileType = sourcecode.swift; path = ContentView.swift; sourceTree = "<group>"; };
		50B1A8C12C110B87002C360B /* Assets.xcassets */ = {isa = PBXFileReference; lastKnownFileType = folder.assetcatalog; path = Assets.xcassets; sourceTree = "<group>"; };
		50B1A8C42C110B87002C360B /* Preview Assets.xcassets */ = {isa = PBXFileReference; lastKnownFileType = folder.assetcatalog; path = "Preview Assets.xcassets"; sourceTree = "<group>"; };
		50B1A8CB2C110BE7002C360B /* LoginPage.swift */ = {isa = PBXFileReference; lastKnownFileType = sourcecode.swift; path = LoginPage.swift; sourceTree = "<group>"; };
		50C889832C187A0500B10EF7 /* LandingView.swift */ = {isa = PBXFileReference; lastKnownFileType = sourcecode.swift; path = LandingView.swift; sourceTree = "<group>"; };
		50C889852C18E0B000B10EF7 /* ListingVC.swift */ = {isa = PBXFileReference; lastKnownFileType = sourcecode.swift; path = ListingVC.swift; sourceTree = "<group>"; };
		50DA156E2C1A2BA9009752B1 /* CartoonListingVM.swift */ = {isa = PBXFileReference; lastKnownFileType = sourcecode.swift; path = CartoonListingVM.swift; sourceTree = "<group>"; };
		50DA15702C1A2E5F009752B1 /* URLClass.swift */ = {isa = PBXFileReference; lastKnownFileType = sourcecode.swift; path = URLClass.swift; sourceTree = "<group>"; };
/* End PBXFileReference section */

/* Begin PBXFrameworksBuildPhase section */
		50B1A8B72C110B85002C360B /* Frameworks */ = {
			isa = PBXFrameworksBuildPhase;
			buildActionMask = 2147483647;
			files = (
			);
			runOnlyForDeploymentPostprocessing = 0;
		};
/* End PBXFrameworksBuildPhase section */

/* Begin PBXGroup section */
		50B1A8B12C110B85002C360B = {
			isa = PBXGroup;
			children = (
				50B1A8BC2C110B85002C360B /* SwiftUIDemoApp */,
				50B1A8BB2C110B85002C360B /* Products */,
			);
			sourceTree = "<group>";
		};
		50B1A8BB2C110B85002C360B /* Products */ = {
			isa = PBXGroup;
			children = (
				50B1A8BA2C110B85002C360B /* SwiftUIDemoApp.app */,
			);
			name = Products;
			sourceTree = "<group>";
		};
		50B1A8BC2C110B85002C360B /* SwiftUIDemoApp */ = {
			isa = PBXGroup;
			children = (
				50B1A8BD2C110B85002C360B /* SwiftUIDemoAppApp.swift */,
				50B1A8BF2C110B85002C360B /* ContentView.swift */,
				50B1A8CB2C110BE7002C360B /* LoginPage.swift */,
				50C889832C187A0500B10EF7 /* LandingView.swift */,
				50C889852C18E0B000B10EF7 /* ListingVC.swift */,
				50DA156E2C1A2BA9009752B1 /* CartoonListingVM.swift */,
				50DA15702C1A2E5F009752B1 /* URLClass.swift */,
				50259C802C1797A000160F48 /* loginVM.swift */,
				50B1A8C12C110B87002C360B /* Assets.xcassets */,
				50B1A8C32C110B87002C360B /* Preview Content */,
			);
			path = SwiftUIDemoApp;
			sourceTree = "<group>";
		};
		50B1A8C32C110B87002C360B /* Preview Content */ = {
			isa = PBXGroup;
			children = (
				50B1A8C42C110B87002C360B /* Preview Assets.xcassets */,
			);
			path = "Preview Content";
			sourceTree = "<group>";
		};
/* End PBXGroup section */

/* Begin PBXNativeTarget section */
		50B1A8B92C110B85002C360B /* SwiftUIDemoApp */ = {
			isa = PBXNativeTarget;
			buildConfigurationList = 50B1A8C82C110B87002C360B /* Build configuration list for PBXNativeTarget "SwiftUIDemoApp" */;
			buildPhases = (
				50B1A8B62C110B85002C360B /* Sources */,
				50B1A8B72C110B85002C360B /* Frameworks */,
				50B1A8B82C110B85002C360B /* Resources */,
			);
			buildRules = (
			);
			dependencies = (
			);
			name = SwiftUIDemoApp;
			productName = SwiftUIDemoApp;
			productReference = 50B1A8BA2C110B85002C360B /* SwiftUIDemoApp.app */;
			productType = "com.apple.product-type.application";
		};
/* End PBXNativeTarget section */

/* Begin PBXProject section */
		50B1A8B22C110B85002C360B /* Project object */ = {
			isa = PBXProject;
			attributes = {
				BuildIndependentTargetsInParallel = 1;
				LastSwiftUpdateCheck = 1540;
				LastUpgradeCheck = 1540;
				TargetAttributes = {
					50B1A8B92C110B85002C360B = {
						CreatedOnToolsVersion = 15.4;
					};
				};
			};
			buildConfigurationList = 50B1A8B52C110B85002C360B /* Build configuration list for PBXProject "SwiftUIDemoApp" */;
			compatibilityVersion = "Xcode 14.0";
			developmentRegion = en;
			hasScannedForEncodings = 0;
			knownRegions = (
				en,
				Base,
			);
			mainGroup = 50B1A8B12C110B85002C360B;
			productRefGroup = 50B1A8BB2C110B85002C360B /* Products */;
			projectDirPath = "";
			projectRoot = "";
			targets = (
				50B1A8B92C110B85002C360B /* SwiftUIDemoApp */,
			);
		};
/* End PBXProject section */

/* Begin PBXResourcesBuildPhase section */
		50B1A8B82C110B85002C360B /* Resources */ = {
			isa = PBXResourcesBuildPhase;
			buildActionMask = 2147483647;
			files = (
				50B1A8C52C110B87002C360B /* Preview Assets.xcassets in Resources */,
				50B1A8C22C110B87002C360B /* Assets.xcassets in Resources */,
			);
			runOnlyForDeploymentPostprocessing = 0;
		};
/* End PBXResourcesBuildPhase section */

/* Begin PBXSourcesBuildPhase section */
		50B1A8B62C110B85002C360B /* Sources */ = {
			isa = PBXSourcesBuildPhase;
			buildActionMask = 2147483647;
			files = (
				50259C812C1797A000160F48 /* loginVM.swift in Sources */,
				50C889842C187A0500B10EF7 /* LandingView.swift in Sources */,
				50DA15712C1A2E5F009752B1 /* URLClass.swift in Sources */,
				50B1A8C02C110B85002C360B /* ContentView.swift in Sources */,
				50C889862C18E0B000B10EF7 /* ListingVC.swift in Sources */,
				50DA156F2C1A2BA9009752B1 /* CartoonListingVM.swift in Sources */,
				50B1A8CC2C110BE7002C360B /* LoginPage.swift in Sources */,
				50B1A8BE2C110B85002C360B /* SwiftUIDemoAppApp.swift in Sources */,
			);
			runOnlyForDeploymentPostprocessing = 0;
		};
/* End PBXSourcesBuildPhase section */

/* Begin XCBuildConfiguration section */
		50B1A8C62C110B87002C360B /* Debug */ = {
			isa = XCBuildConfiguration;
			buildSettings = {
				ALWAYS_SEARCH_USER_PATHS = NO;
				ASSETCATALOG_COMPILER_GENERATE_SWIFT_ASSET_SYMBOL_EXTENSIONS = YES;
				CLANG_ANALYZER_NONNULL = YES;
				CLANG_ANALYZER_NUMBER_OBJECT_CONVERSION = YES_AGGRESSIVE;
				CLANG_CXX_LANGUAGE_STANDARD = "gnu++20";
				CLANG_ENABLE_MODULES = YES;
				CLANG_ENABLE_OBJC_ARC = YES;
				CLANG_ENABLE_OBJC_WEAK = YES;
				CLANG_WARN_BLOCK_CAPTURE_AUTORELEASING = YES;
				CLANG_WARN_BOOL_CONVERSION = YES;
				CLANG_WARN_COMMA = YES;
				CLANG_WARN_CONSTANT_CONVERSION = YES;
				CLANG_WARN_DEPRECATED_OBJC_IMPLEMENTATIONS = YES;
				CLANG_WARN_DIRECT_OBJC_ISA_USAGE = YES_ERROR;
				CLANG_WARN_DOCUMENTATION_COMMENTS = YES;
				CLANG_WARN_EMPTY_BODY = YES;
				CLANG_WARN_ENUM_CONVERSION = YES;
				CLANG_WARN_INFINITE_RECURSION = YES;
				CLANG_WARN_INT_CONVERSION = YES;
				CLANG_WARN_NON_LITERAL_NULL_CONVERSION = YES;
				CLANG_WARN_OBJC_IMPLICIT_RETAIN_SELF = YES;
				CLANG_WARN_OBJC_LITERAL_CONVERSION = YES;
				CLANG_WARN_OBJC_ROOT_CLASS = YES_ERROR;
				CLANG_WARN_QUOTED_INCLUDE_IN_FRAMEWORK_HEADER = YES;
				CLANG_WARN_RANGE_LOOP_ANALYSIS = YES;
				CLANG_WARN_STRICT_PROTOTYPES = YES;
				CLANG_WARN_SUSPICIOUS_MOVE = YES;
				CLANG_WARN_UNGUARDED_AVAILABILITY = YES_AGGRESSIVE;
				CLANG_WARN_UNREACHABLE_CODE = YES;
				CLANG_WARN__DUPLICATE_METHOD_MATCH = YES;
				COPY_PHASE_STRIP = NO;
				DEBUG_INFORMATION_FORMAT = dwarf;
				ENABLE_STRICT_OBJC_MSGSEND = YES;
				ENABLE_TESTABILITY = YES;
				ENABLE_USER_SCRIPT_SANDBOXING = YES;
				GCC_C_LANGUAGE_STANDARD = gnu17;
				GCC_DYNAMIC_NO_PIC = NO;
				GCC_NO_COMMON_BLOCKS = YES;
				GCC_OPTIMIZATION_LEVEL = 0;
				GCC_PREPROCESSOR_DEFINITIONS = (
					"DEBUG=1",
					"$(inherited)",
				);
				GCC_WARN_64_TO_32_BIT_CONVERSION = YES;
				GCC_WARN_ABOUT_RETURN_TYPE = YES_ERROR;
				GCC_WARN_UNDECLARED_SELECTOR = YES;
				GCC_WARN_UNINITIALIZED_AUTOS = YES_AGGRESSIVE;
				GCC_WARN_UNUSED_FUNCTION = YES;
				GCC_WARN_UNUSED_VARIABLE = YES;
				IPHONEOS_DEPLOYMENT_TARGET = 17.5;
				LOCALIZATION_PREFERS_STRING_CATALOGS = YES;
				MTL_ENABLE_DEBUG_INFO = INCLUDE_SOURCE;
				MTL_FAST_MATH = YES;
				ONLY_ACTIVE_ARCH = YES;
				SDKROOT = iphoneos;
				SWIFT_ACTIVE_COMPILATION_CONDITIONS = "DEBUG $(inherited)";
				SWIFT_OPTIMIZATION_LEVEL = "-Onone";
			};
			name = Debug;
		};
		50B1A8C72C110B87002C360B /* Release */ = {
			isa = XCBuildConfiguration;
			buildSettings = {
				ALWAYS_SEARCH_USER_PATHS = NO;
				ASSETCATALOG_COMPILER_GENERATE_SWIFT_ASSET_SYMBOL_EXTENSIONS = YES;
				CLANG_ANALYZER_NONNULL = YES;
				CLANG_ANALYZER_NUMBER_OBJECT_CONVERSION = YES_AGGRESSIVE;
				CLANG_CXX_LANGUAGE_STANDARD = "gnu++20";
				CLANG_ENABLE_MODULES = YES;
				CLANG_ENABLE_OBJC_ARC = YES;
				CLANG_ENABLE_OBJC_WEAK = YES;
				CLANG_WARN_BLOCK_CAPTURE_AUTORELEASING = YES;
				CLANG_WARN_BOOL_CONVERSION = YES;
				CLANG_WARN_COMMA = YES;
				CLANG_WARN_CONSTANT_CONVERSION = YES;
				CLANG_WARN_DEPRECATED_OBJC_IMPLEMENTATIONS = YES;
				CLANG_WARN_DIRECT_OBJC_ISA_USAGE = YES_ERROR;
				CLANG_WARN_DOCUMENTATION_COMMENTS = YES;
				CLANG_WARN_EMPTY_BODY = YES;
				CLANG_WARN_ENUM_CONVERSION = YES;
				CLANG_WARN_INFINITE_RECURSION = YES;
				CLANG_WARN_INT_CONVERSION = YES;
				CLANG_WARN_NON_LITERAL_NULL_CONVERSION = YES;
				CLANG_WARN_OBJC_IMPLICIT_RETAIN_SELF = YES;
				CLANG_WARN_OBJC_LITERAL_CONVERSION = YES;
				CLANG_WARN_OBJC_ROOT_CLASS = YES_ERROR;
				CLANG_WARN_QUOTED_INCLUDE_IN_FRAMEWORK_HEADER = YES;
				CLANG_WARN_RANGE_LOOP_ANALYSIS = YES;
				CLANG_WARN_STRICT_PROTOTYPES = YES;
				CLANG_WARN_SUSPICIOUS_MOVE = YES;
				CLANG_WARN_UNGUARDED_AVAILABILITY = YES_AGGRESSIVE;
				CLANG_WARN_UNREACHABLE_CODE = YES;
				CLANG_WARN__DUPLICATE_METHOD_MATCH = YES;
				COPY_PHASE_STRIP = NO;
				DEBUG_INFORMATION_FORMAT = "dwarf-with-dsym";
				ENABLE_NS_ASSERTIONS = NO;
				ENABLE_STRICT_OBJC_MSGSEND = YES;
				ENABLE_USER_SCRIPT_SANDBOXING = YES;
				GCC_C_LANGUAGE_STANDARD = gnu17;
				GCC_NO_COMMON_BLOCKS = YES;
				GCC_WARN_64_TO_32_BIT_CONVERSION = YES;
				GCC_WARN_ABOUT_RETURN_TYPE = YES_ERROR;
				GCC_WARN_UNDECLARED_SELECTOR = YES;
				GCC_WARN_UNINITIALIZED_AUTOS = YES_AGGRESSIVE;
				GCC_WARN_UNUSED_FUNCTION = YES;
				GCC_WARN_UNUSED_VARIABLE = YES;
				IPHONEOS_DEPLOYMENT_TARGET = 17.5;
				LOCALIZATION_PREFERS_STRING_CATALOGS = YES;
				MTL_ENABLE_DEBUG_INFO = NO;
				MTL_FAST_MATH = YES;
				SDKROOT = iphoneos;
				SWIFT_COMPILATION_MODE = wholemodule;
				VALIDATE_PRODUCT = YES;
			};
			name = Release;
		};
		50B1A8C92C110B87002C360B /* Debug */ = {
			isa = XCBuildConfiguration;
			buildSettings = {
				ASSETCATALOG_COMPILER_APPICON_NAME = AppIcon;
				ASSETCATALOG_COMPILER_GLOBAL_ACCENT_COLOR_NAME = AccentColor;
				CODE_SIGN_STYLE = Automatic;
				CURRENT_PROJECT_VERSION = 1;
				DEVELOPMENT_ASSET_PATHS = "\"SwiftUIDemoApp/Preview Content\"";
				DEVELOPMENT_TEAM = 95G5K74BA8;
				ENABLE_PREVIEWS = YES;
				GENERATE_INFOPLIST_FILE = YES;
				INFOPLIST_KEY_UIApplicationSceneManifest_Generation = YES;
				INFOPLIST_KEY_UIApplicationSupportsIndirectInputEvents = YES;
				INFOPLIST_KEY_UILaunchScreen_Generation = YES;
				INFOPLIST_KEY_UISupportedInterfaceOrientations_iPad = "UIInterfaceOrientationPortrait UIInterfaceOrientationPortraitUpsideDown UIInterfaceOrientationLandscapeLeft UIInterfaceOrientationLandscapeRight";
				INFOPLIST_KEY_UISupportedInterfaceOrientations_iPhone = "UIInterfaceOrientationPortrait UIInterfaceOrientationLandscapeLeft UIInterfaceOrientationLandscapeRight";
				LD_RUNPATH_SEARCH_PATHS = (
					"$(inherited)",
					"@executable_path/Frameworks",
				);
				MARKETING_VERSION = 1.0;
				PRODUCT_BUNDLE_IDENTIFIER = com.rar.swiftUI.Demo.SwiftUIDemoApp;
				PRODUCT_NAME = "$(TARGET_NAME)";
				SWIFT_EMIT_LOC_STRINGS = YES;
				SWIFT_VERSION = 5.0;
				TARGETED_DEVICE_FAMILY = "1,2";
			};
			name = Debug;
		};
		50B1A8CA2C110B87002C360B /* Release */ = {
			isa = XCBuildConfiguration;
			buildSettings = {
				ASSETCATALOG_COMPILER_APPICON_NAME = AppIcon;
				ASSETCATALOG_COMPILER_GLOBAL_ACCENT_COLOR_NAME = AccentColor;
				CODE_SIGN_STYLE = Automatic;
				CURRENT_PROJECT_VERSION = 1;
				DEVELOPMENT_ASSET_PATHS = "\"SwiftUIDemoApp/Preview Content\"";
				DEVELOPMENT_TEAM = 95G5K74BA8;
				ENABLE_PREVIEWS = YES;
				GENERATE_INFOPLIST_FILE = YES;
				INFOPLIST_KEY_UIApplicationSceneManifest_Generation = YES;
				INFOPLIST_KEY_UIApplicationSupportsIndirectInputEvents = YES;
				INFOPLIST_KEY_UILaunchScreen_Generation = YES;
				INFOPLIST_KEY_UISupportedInterfaceOrientations_iPad = "UIInterfaceOrientationPortrait UIInterfaceOrientationPortraitUpsideDown UIInterfaceOrientationLandscapeLeft UIInterfaceOrientationLandscapeRight";
				INFOPLIST_KEY_UISupportedInterfaceOrientations_iPhone = "UIInterfaceOrientationPortrait UIInterfaceOrientationLandscapeLeft UIInterfaceOrientationLandscapeRight";
				LD_RUNPATH_SEARCH_PATHS = (
					"$(inherited)",
					"@executable_path/Frameworks",
				);
				MARKETING_VERSION = 1.0;
				PRODUCT_BUNDLE_IDENTIFIER = com.rar.swiftUI.Demo.SwiftUIDemoApp;
				PRODUCT_NAME = "$(TARGET_NAME)";
				SWIFT_EMIT_LOC_STRINGS = YES;
				SWIFT_VERSION = 5.0;
				TARGETED_DEVICE_FAMILY = "1,2";
			};
			name = Release;
		};
/* End XCBuildConfiguration section */

/* Begin XCConfigurationList section */
		50B1A8B52C110B85002C360B /* Build configuration list for PBXProject "SwiftUIDemoApp" */ = {
			isa = XCConfigurationList;
			buildConfigurations = (
				50B1A8C62C110B87002C360B /* Debug */,
				50B1A8C72C110B87002C360B /* Release */,
			);
			defaultConfigurationIsVisible = 0;
			defaultConfigurationName = Release;
		};
		50B1A8C82C110B87002C360B /* Build configuration list for PBXNativeTarget "SwiftUIDemoApp" */ = {
			isa = XCConfigurationList;
			buildConfigurations = (
				50B1A8C92C110B87002C360B /* Debug */,
				50B1A8CA2C110B87002C360B /* Release */,
			);
			defaultConfigurationIsVisible = 0;
			defaultConfigurationName = Release;
		};
/* End XCConfigurationList section */
	};
	rootObject = 50B1A8B22C110B85002C360B /* Project object */;
}
